
Microsoft Visual Studio Solution File, Format Version 12.00
# Visual Studio Version 16
VisualStudioVersion = 16.0.31321.278
MinimumVisualStudioVersion = 10.0.40219.1
Project("{FAE04EC0-301F-11D3-BF4B-00C04F79EFBC}") = "Volga-IT", "Volga-IT.csproj", "{FF756B95-D8E4-429A-9E20-AE7B75A39D54}"
EndProject
Global
	GlobalSection(SolutionConfigurationPlatforms) = preSolution
		Debug|Any CPU = Debug|Any CPU
		Release|Any CPU = Release|Any CPU
	EndGlobalSection
	GlobalSection(ProjectConfigurationPlatforms) = postSolution
		{FF756B95-D8E4-429A-9E20-AE7B75A39D54}.Debug|Any CPU.ActiveCfg = Debug|Any CPU
		{FF756B95-D8E4-429A-9E20-AE7B75A39D54}.Debug|Any CPU.Build.0 = Debug|Any CPU
		{FF756B95-D8E4-429A-9E20-AE7B75A39D54}.Release|Any CPU.ActiveCfg = Release|Any CPU
		{FF756B95-D8E4-429A-9E20-AE7B75A39D54}.Release|Any CPU.Build.0 = Release|Any CPU
	EndGlobalSection
	GlobalSection(SolutionProperties) = preSolution
		HideSolutionNode = FALSE
	EndGlobalSection
	GlobalSection(ExtensibilityGlobals) = postSolution
		SolutionGuid = {56A0E3ED-4A1E-4A51-80DE-9E14BD84A182}
	EndGlobalSection
EndGlobal
